<?xml version="1.0" encoding="utf-8"?>
<Project ToolsVersion="4.0" xmlns="http://schemas.microsoft.com/developer/msbuild/2003">
  <ItemGroup>
    <Filter Include="Source Files">
      <UniqueIdentifier>{4FC737F1-C7A5-4376-A066-2A32D752A2FF}</UniqueIdentifier>
      <Extensions>cpp;c;cc;cxx;def;odl;idl;hpj;bat;asm;asmx</Extensions>
    </Filter>
    <Filter Include="Header Files">
      <UniqueIdentifier>{93995380-89BD-4b04-88EB-625FBE52EBFB}</UniqueIdentifier>
      <Extensions>h;hpp;hxx;hm;inl;inc;xsd</Extensions>
    </Filter>
    <Filter Include="Resource Files">
      <UniqueIdentifier>{67DA6AB6-F800-4c08-8B7A-83BB121AAD01}</UniqueIdentifier>
      <Extensions>rc;ico;cur;bmp;dlg;rc2;rct;bin;rgs;gif;jpg;jpeg;jpe;resx;tiff;tif;png;wav;mfcribbon-ms</Extensions>
    </Filter>
    <Filter Include="CMFVector">
      <UniqueIdentifier>{d33da267-e4d0-4120-8163-ca44e4c2dc0b}</UniqueIdentifier>
    </Filter>
    <Filter Include="CMFList">
      <UniqueIdentifier>{6253599e-9947-4f8c-8506-5d5e033e1bab}</UniqueIdentifier>
    </Filter>
  </ItemGroup>
  <ItemGroup>
    <ClCompile Include="TheMain.cpp">
      <Filter>Source Files</Filter>
    </ClCompile>
    <ClCompile Include="CMFVector.cpp">
      <Filter>CMFVector</Filter>
    </ClCompile>
    <ClCompile Include="CMFNode.cpp">
      <Filter>CMFList</Filter>
    </ClCompile>
    <ClCompile Include="CMFList.cpp">
      <Filter>CMFList</Filter>
    </ClCompile>
  </ItemGroup>
  <ItemGroup>
    <ClInclude Include="CMFVector.h">
      <Filter>CMFVector</Filter>
    </ClInclude>
    <ClInclude Include="CMFList.h">
      <Filter>CMFList</Filter>
    </ClInclude>
    <ClInclude Include="CMFNode.h">
      <Filter>CMFList</Filter>
    </ClInclude>
  </ItemGroup>
</Project>